
Microsoft Visual Studio Solution File, Format Version 12.00
# Visual Studio 15
VisualStudioVersion = 15.0.28306.52
MinimumVisualStudioVersion = 10.0.40219.1
Project("{9A19103F-16F7-4668-BE54-9A1E7A4F7556}") = "MokumokuIdentityApp", "MokumokuIdentityApp\MokumokuIdentityApp.csproj", "{60F22778-808E-435D-9F04-CB10E8DF42CF}"
EndProject
Project("{FAE04EC0-301F-11D3-BF4B-00C04F79EFBC}") = "IdentityDefaultUIApp", "IdentityDefaultUIApp\IdentityDefaultUIApp.csproj", "{68368DC2-60EA-47FA-A396-834A632D0C88}"
EndProject
Project("{FAE04EC0-301F-11D3-BF4B-00C04F79EFBC}") = "IdentityCustomUIApp", "IdentityCustomUIApp\IdentityCustomUIApp.csproj", "{2297F71C-C9AF-41C0-B09B-627EE1185317}"
EndProject
Global
	GlobalSection(SolutionConfigurationPlatforms) = preSolution
		Debug|Any CPU = Debug|Any CPU
		Release|Any CPU = Release|Any CPU
	EndGlobalSection
	GlobalSection(ProjectConfigurationPlatforms) = postSolution
		{60F22778-808E-435D-9F04-CB10E8DF42CF}.Debug|Any CPU.ActiveCfg = Debug|Any CPU
		{60F22778-808E-435D-9F04-CB10E8DF42CF}.Debug|Any CPU.Build.0 = Debug|Any CPU
		{60F22778-808E-435D-9F04-CB10E8DF42CF}.Release|Any CPU.ActiveCfg = Release|Any CPU
		{60F22778-808E-435D-9F04-CB10E8DF42CF}.Release|Any CPU.Build.0 = Release|Any CPU
		{68368DC2-60EA-47FA-A396-834A632D0C88}.Debug|Any CPU.ActiveCfg = Debug|Any CPU
		{68368DC2-60EA-47FA-A396-834A632D0C88}.Debug|Any CPU.Build.0 = Debug|Any CPU
		{68368DC2-60EA-47FA-A396-834A632D0C88}.Release|Any CPU.ActiveCfg = Release|Any CPU
		{68368DC2-60EA-47FA-A396-834A632D0C88}.Release|Any CPU.Build.0 = Release|Any CPU
		{2297F71C-C9AF-41C0-B09B-627EE1185317}.Debug|Any CPU.ActiveCfg = Debug|Any CPU
		{2297F71C-C9AF-41C0-B09B-627EE1185317}.Debug|Any CPU.Build.0 = Debug|Any CPU
		{2297F71C-C9AF-41C0-B09B-627EE1185317}.Release|Any CPU.ActiveCfg = Release|Any CPU
		{2297F71C-C9AF-41C0-B09B-627EE1185317}.Release|Any CPU.Build.0 = Release|Any CPU
	EndGlobalSection
	GlobalSection(SolutionProperties) = preSolution
		HideSolutionNode = FALSE
	EndGlobalSection
	GlobalSection(ExtensibilityGlobals) = postSolution
		SolutionGuid = {ACEA1E0C-3323-45D0-B2D8-54628852D226}
	EndGlobalSection
EndGlobal
